// !$*UTF8*$!
{
	archiveVersion = 1;
	classes = {
	};
	objectVersion = 46;
	objects = {

/* Begin PBXBuildFile section */
		0A1F19A91B8C2F1F0097691E /* EventManagerController.swift in Sources */ = {isa = PBXBuildFile; fileRef = 0A1F19A81B8C2F1F0097691E /* EventManagerController.swift */; };
		0A1F19AD1B8C350B0097691E /* Event.swift in Sources */ = {isa = PBXBuildFile; fileRef = 0A1F19AC1B8C350B0097691E /* Event.swift */; };
		0A3AFD6F1B3CFA7700B02E88 /* HTMLGetter.swift in Sources */ = {isa = PBXBuildFile; fileRef = 0A3AFD6E1B3CFA7700B02E88 /* HTMLGetter.swift */; };
		0A4150321B4DCE770043DC33 /* User.swift in Sources */ = {isa = PBXBuildFile; fileRef = 0A4150311B4DCE770043DC33 /* User.swift */; };
		0A6D7C651B3A75E500AA09C4 /* Podfile.lock in Resources */ = {isa = PBXBuildFile; fileRef = 0A6D7C641B3A75E500AA09C4 /* Podfile.lock */; };
		0A6D7C691B3A764900AA09C4 /* Podfile in Resources */ = {isa = PBXBuildFile; fileRef = 0A6D7C681B3A764900AA09C4 /* Podfile */; };
		0A796F561B3B6DAA00580B6F /* YelpClient.swift in Sources */ = {isa = PBXBuildFile; fileRef = 0A796F551B3B6DAA00580B6F /* YelpClient.swift */; };
		0A862CD01B4F4BD800841345 /* FriendsController.swift in Sources */ = {isa = PBXBuildFile; fileRef = 0A862CCF1B4F4BD800841345 /* FriendsController.swift */; };
		0A9C94D21B58ED6500CBC437 /* EventController.swift in Sources */ = {isa = PBXBuildFile; fileRef = 0A9C94D11B58ED6500CBC437 /* EventController.swift */; };
		0AA5814F1B8A5E9A00909CB5 /* MenuController.swift in Sources */ = {isa = PBXBuildFile; fileRef = 0AA5814E1B8A5E9A00909CB5 /* MenuController.swift */; };
		0AA581511B8A787A00909CB5 /* UserController.swift in Sources */ = {isa = PBXBuildFile; fileRef = 0AA581501B8A787A00909CB5 /* UserController.swift */; };
		0ABBC3F21B3A88540097E1A9 /* Info.plist in Resources */ = {isa = PBXBuildFile; fileRef = 0ABBC3F11B3A88540097E1A9 /* Info.plist */; };
		0AE5568A1B47D88C00FF0E1E /* LoginController.swift in Sources */ = {isa = PBXBuildFile; fileRef = 0AE556891B47D88C00FF0E1E /* LoginController.swift */; };
		0AE5568C1B48C6BE00FF0E1E /* SignupController.swift in Sources */ = {isa = PBXBuildFile; fileRef = 0AE5568B1B48C6BE00FF0E1E /* SignupController.swift */; };
		0AEEF14C1B29610C00724EF6 /* HalfwayBrain.swift in Sources */ = {isa = PBXBuildFile; fileRef = 0AEEF14B1B29610C00724EF6 /* HalfwayBrain.swift */; };
		3ED80AAD011514123DFF3021 /* Pods.framework in Frameworks */ = {isa = PBXBuildFile; fileRef = 883B1CC33CEA71BA24BAF163 /* Pods.framework */; settings = {ATTRIBUTES = (Weak, ); }; };
		60724E0A1B4F0D0700DA56E8 /* YelpSearchOptionsController.swift in Sources */ = {isa = PBXBuildFile; fileRef = 60724E091B4F0D0700DA56E8 /* YelpSearchOptionsController.swift */; };
		6094D5941B1F85FA00EAA02A /* AppDelegate.swift in Sources */ = {isa = PBXBuildFile; fileRef = 6094D5931B1F85FA00EAA02A /* AppDelegate.swift */; };
		6094D5991B1F85FA00EAA02A /* Main.storyboard in Resources */ = {isa = PBXBuildFile; fileRef = 6094D5971B1F85FA00EAA02A /* Main.storyboard */; };
		6094D59B1B1F85FA00EAA02A /* Images.xcassets in Resources */ = {isa = PBXBuildFile; fileRef = 6094D59A1B1F85FA00EAA02A /* Images.xcassets */; };
		6094D59E1B1F85FA00EAA02A /* LaunchScreen.xib in Resources */ = {isa = PBXBuildFile; fileRef = 6094D59C1B1F85FA00EAA02A /* LaunchScreen.xib */; };
/* End PBXBuildFile section */

/* Begin PBXContainerItemProxy section */
		6094D5A41B1F85FA00EAA02A /* PBXContainerItemProxy */ = {
			isa = PBXContainerItemProxy;
			containerPortal = 6094D5861B1F85FA00EAA02A /* Project object */;
			proxyType = 1;
			remoteGlobalIDString = 6094D58D1B1F85FA00EAA02A;
			remoteInfo = Halfway;
		};
/* End PBXContainerItemProxy section */

/* Begin PBXFileReference section */
		0A1F19A81B8C2F1F0097691E /* EventManagerController.swift */ = {isa = PBXFileReference; fileEncoding = 4; lastKnownFileType = sourcecode.swift; path = EventManagerController.swift; sourceTree = "<group>"; };
		0A1F19AC1B8C350B0097691E /* Event.swift */ = {isa = PBXFileReference; fileEncoding = 4; lastKnownFileType = sourcecode.swift; path = Event.swift; sourceTree = "<group>"; };
		0A3AFD6E1B3CFA7700B02E88 /* HTMLGetter.swift */ = {isa = PBXFileReference; fileEncoding = 4; lastKnownFileType = sourcecode.swift; path = HTMLGetter.swift; sourceTree = "<group>"; };
		0A4150311B4DCE770043DC33 /* User.swift */ = {isa = PBXFileReference; fileEncoding = 4; lastKnownFileType = sourcecode.swift; path = User.swift; sourceTree = "<group>"; };
		0A6D7C601B3A74A100AA09C4 /* Halfway-Bridging-Header.h */ = {isa = PBXFileReference; lastKnownFileType = sourcecode.c.h; path = "Halfway-Bridging-Header.h"; sourceTree = SOURCE_ROOT; };
		0A6D7C641B3A75E500AA09C4 /* Podfile.lock */ = {isa = PBXFileReference; fileEncoding = 4; lastKnownFileType = text; path = Podfile.lock; sourceTree = "<group>"; };
		0A6D7C681B3A764900AA09C4 /* Podfile */ = {isa = PBXFileReference; fileEncoding = 4; lastKnownFileType = text; path = Podfile; sourceTree = "<group>"; xcLanguageSpecificationIdentifier = xcode.lang.ruby; };
		0A796F551B3B6DAA00580B6F /* YelpClient.swift */ = {isa = PBXFileReference; fileEncoding = 4; lastKnownFileType = sourcecode.swift; path = YelpClient.swift; sourceTree = "<group>"; };
		0A862CCF1B4F4BD800841345 /* FriendsController.swift */ = {isa = PBXFileReference; fileEncoding = 4; lastKnownFileType = sourcecode.swift; path = FriendsController.swift; sourceTree = "<group>"; };
		0A9C94D11B58ED6500CBC437 /* EventController.swift */ = {isa = PBXFileReference; fileEncoding = 4; lastKnownFileType = sourcecode.swift; path = EventController.swift; sourceTree = "<group>"; };
		0AA5814E1B8A5E9A00909CB5 /* MenuController.swift */ = {isa = PBXFileReference; fileEncoding = 4; lastKnownFileType = sourcecode.swift; path = MenuController.swift; sourceTree = "<group>"; };
		0AA581501B8A787A00909CB5 /* UserController.swift */ = {isa = PBXFileReference; fileEncoding = 4; lastKnownFileType = sourcecode.swift; path = UserController.swift; sourceTree = "<group>"; };
		0ABBC3F11B3A88540097E1A9 /* Info.plist */ = {isa = PBXFileReference; fileEncoding = 4; lastKnownFileType = text.plist.xml; name = Info.plist; path = HalfwayTests/Info.plist; sourceTree = "<group>"; };
		0AD019361B3C735500C79246 /* Info.plist */ = {isa = PBXFileReference; fileEncoding = 4; lastKnownFileType = text.plist.xml; path = Info.plist; sourceTree = "<group>"; };
		0AE556891B47D88C00FF0E1E /* LoginController.swift */ = {isa = PBXFileReference; fileEncoding = 4; lastKnownFileType = sourcecode.swift; path = LoginController.swift; sourceTree = "<group>"; };
		0AE5568B1B48C6BE00FF0E1E /* SignupController.swift */ = {isa = PBXFileReference; fileEncoding = 4; lastKnownFileType = sourcecode.swift; path = SignupController.swift; sourceTree = "<group>"; };
		0AEEF14B1B29610C00724EF6 /* HalfwayBrain.swift */ = {isa = PBXFileReference; fileEncoding = 4; lastKnownFileType = sourcecode.swift; path = HalfwayBrain.swift; sourceTree = "<group>"; };
		60724E091B4F0D0700DA56E8 /* YelpSearchOptionsController.swift */ = {isa = PBXFileReference; fileEncoding = 4; lastKnownFileType = sourcecode.swift; path = YelpSearchOptionsController.swift; sourceTree = "<group>"; };
		6094D58E1B1F85FA00EAA02A /* Halfway.app */ = {isa = PBXFileReference; explicitFileType = wrapper.application; includeInIndex = 0; path = Halfway.app; sourceTree = BUILT_PRODUCTS_DIR; };
		6094D5921B1F85FA00EAA02A /* Info.plist */ = {isa = PBXFileReference; lastKnownFileType = text.plist.xml; path = Info.plist; sourceTree = "<group>"; };
		6094D5931B1F85FA00EAA02A /* AppDelegate.swift */ = {isa = PBXFileReference; lastKnownFileType = sourcecode.swift; path = AppDelegate.swift; sourceTree = "<group>"; };
		6094D5981B1F85FA00EAA02A /* Base */ = {isa = PBXFileReference; lastKnownFileType = file.storyboard; name = Base; path = Base.lproj/Main.storyboard; sourceTree = "<group>"; };
		6094D59A1B1F85FA00EAA02A /* Images.xcassets */ = {isa = PBXFileReference; lastKnownFileType = folder.assetcatalog; path = Images.xcassets; sourceTree = "<group>"; };
		6094D59D1B1F85FA00EAA02A /* Base */ = {isa = PBXFileReference; lastKnownFileType = file.xib; name = Base; path = Base.lproj/LaunchScreen.xib; sourceTree = "<group>"; };
		6094D5A31B1F85FA00EAA02A /* HalfwayTests.xctest */ = {isa = PBXFileReference; explicitFileType = wrapper.cfbundle; includeInIndex = 0; path = HalfwayTests.xctest; sourceTree = BUILT_PRODUCTS_DIR; };
		883B1CC33CEA71BA24BAF163 /* Pods.framework */ = {isa = PBXFileReference; explicitFileType = wrapper.framework; includeInIndex = 0; path = Pods.framework; sourceTree = BUILT_PRODUCTS_DIR; };
		AD3983CC2381108826A63567 /* Pods.debug.xcconfig */ = {isa = PBXFileReference; includeInIndex = 1; lastKnownFileType = text.xcconfig; name = Pods.debug.xcconfig; path = "Pods/Target Support Files/Pods/Pods.debug.xcconfig"; sourceTree = "<group>"; };
		E04D100F84848791FD454FC2 /* Pods.release.xcconfig */ = {isa = PBXFileReference; includeInIndex = 1; lastKnownFileType = text.xcconfig; name = Pods.release.xcconfig; path = "Pods/Target Support Files/Pods/Pods.release.xcconfig"; sourceTree = "<group>"; };
/* End PBXFileReference section */

/* Begin PBXFrameworksBuildPhase section */
		6094D58B1B1F85FA00EAA02A /* Frameworks */ = {
			isa = PBXFrameworksBuildPhase;
			buildActionMask = 2147483647;
			files = (
				3ED80AAD011514123DFF3021 /* Pods.framework in Frameworks */,
			);
			runOnlyForDeploymentPostprocessing = 0;
		};
		6094D5A01B1F85FA00EAA02A /* Frameworks */ = {
			isa = PBXFrameworksBuildPhase;
			buildActionMask = 2147483647;
			files = (
			);
			runOnlyForDeploymentPostprocessing = 0;
		};
/* End PBXFrameworksBuildPhase section */

/* Begin PBXGroup section */
		090C98F722CE3239EBDFE6B7 /* Pods */ = {
			isa = PBXGroup;
			children = (
				AD3983CC2381108826A63567 /* Pods.debug.xcconfig */,
				E04D100F84848791FD454FC2 /* Pods.release.xcconfig */,
			);
			name = Pods;
			sourceTree = "<group>";
		};
		0A234F4D1B6577FC00FE8EEA /* Views */ = {
			isa = PBXGroup;
			children = (
				6094D5971B1F85FA00EAA02A /* Main.storyboard */,
			);
			name = Views;
			sourceTree = "<group>";
		};
		0A4E99CC1B67388B002B5950 /* Stores */ = {
			isa = PBXGroup;
			children = (
			);
			name = Stores;
			sourceTree = "<group>";
		};
		0A9C94D31B58ED8400CBC437 /* Controllers */ = {
			isa = PBXGroup;
			children = (
				0AE556891B47D88C00FF0E1E /* LoginController.swift */,
				0AE5568B1B48C6BE00FF0E1E /* SignupController.swift */,
				60724E091B4F0D0700DA56E8 /* YelpSearchOptionsController.swift */,
				0A862CCF1B4F4BD800841345 /* FriendsController.swift */,
				0A9C94D11B58ED6500CBC437 /* EventController.swift */,
				0AA5814E1B8A5E9A00909CB5 /* MenuController.swift */,
				0AA581501B8A787A00909CB5 /* UserController.swift */,
				0A1F19A81B8C2F1F0097691E /* EventManagerController.swift */,
			);
			name = Controllers;
			sourceTree = "<group>";
		};
		0AD019331B3C735500C79246 /* HalfwayTests */ = {
			isa = PBXGroup;
			children = (
				0AD019361B3C735500C79246 /* Info.plist */,
			);
			path = HalfwayTests;
			sourceTree = "<group>";
		};
		0AEC20AB1B23C30000E37E21 /* Models */ = {
			isa = PBXGroup;
			children = (
				0AEEF14B1B29610C00724EF6 /* HalfwayBrain.swift */,
				0A796F551B3B6DAA00580B6F /* YelpClient.swift */,
				0A3AFD6E1B3CFA7700B02E88 /* HTMLGetter.swift */,
				0A4150311B4DCE770043DC33 /* User.swift */,
				0A1F19AC1B8C350B0097691E /* Event.swift */,
			);
			name = Models;
			sourceTree = "<group>";
		};
		6094D5851B1F85FA00EAA02A = {
			isa = PBXGroup;
			children = (
				0A6D7C681B3A764900AA09C4 /* Podfile */,
				0A6D7C641B3A75E500AA09C4 /* Podfile.lock */,
				0ABBC3F11B3A88540097E1A9 /* Info.plist */,
				6094D5901B1F85FA00EAA02A /* Halfway */,
				6094D58F1B1F85FA00EAA02A /* Products */,
				6F364EE1EC443408952A57E7 /* Frameworks */,
				0AD019331B3C735500C79246 /* HalfwayTests */,
				090C98F722CE3239EBDFE6B7 /* Pods */,
			);
			sourceTree = "<group>";
		};
		6094D58F1B1F85FA00EAA02A /* Products */ = {
			isa = PBXGroup;
			children = (
				6094D58E1B1F85FA00EAA02A /* Halfway.app */,
				6094D5A31B1F85FA00EAA02A /* HalfwayTests.xctest */,
			);
			name = Products;
			sourceTree = "<group>";
		};
		6094D5901B1F85FA00EAA02A /* Halfway */ = {
			isa = PBXGroup;
			children = (
				0AEC20AB1B23C30000E37E21 /* Models */,
				0A234F4D1B6577FC00FE8EEA /* Views */,
				0A9C94D31B58ED8400CBC437 /* Controllers */,
				0A4E99CC1B67388B002B5950 /* Stores */,
				6094D5931B1F85FA00EAA02A /* AppDelegate.swift */,
				6094D59A1B1F85FA00EAA02A /* Images.xcassets */,
				6094D59C1B1F85FA00EAA02A /* LaunchScreen.xib */,
				0A6D7C601B3A74A100AA09C4 /* Halfway-Bridging-Header.h */,
				6094D5911B1F85FA00EAA02A /* Supporting Files */,
			);
			path = Halfway;
			sourceTree = "<group>";
		};
		6094D5911B1F85FA00EAA02A /* Supporting Files */ = {
			isa = PBXGroup;
			children = (
				6094D5921B1F85FA00EAA02A /* Info.plist */,
			);
			name = "Supporting Files";
			sourceTree = "<group>";
		};
		6F364EE1EC443408952A57E7 /* Frameworks */ = {
			isa = PBXGroup;
			children = (
				883B1CC33CEA71BA24BAF163 /* Pods.framework */,
			);
			name = Frameworks;
			sourceTree = "<group>";
		};
/* End PBXGroup section */

/* Begin PBXNativeTarget section */
		6094D58D1B1F85FA00EAA02A /* Halfway */ = {
			isa = PBXNativeTarget;
			buildConfigurationList = 6094D5AD1B1F85FA00EAA02A /* Build configuration list for PBXNativeTarget "Halfway" */;
			buildPhases = (
				53C837AA253FD8F12E00159F /* Check Pods Manifest.lock */,
				6094D58A1B1F85FA00EAA02A /* Sources */,
				6094D58B1B1F85FA00EAA02A /* Frameworks */,
				6094D58C1B1F85FA00EAA02A /* Resources */,
				AB31DFD1B9B3AF8CD16B4A7D /* Copy Pods Resources */,
				5DC67930D894EC97F46431E1 /* Embed Pods Frameworks */,
			);
			buildRules = (
			);
			dependencies = (
			);
			name = Halfway;
			productName = Halfway;
			productReference = 6094D58E1B1F85FA00EAA02A /* Halfway.app */;
			productType = "com.apple.product-type.application";
		};
		6094D5A21B1F85FA00EAA02A /* HalfwayTests */ = {
			isa = PBXNativeTarget;
			buildConfigurationList = 6094D5B01B1F85FA00EAA02A /* Build configuration list for PBXNativeTarget "HalfwayTests" */;
			buildPhases = (
				6094D59F1B1F85FA00EAA02A /* Sources */,
				6094D5A01B1F85FA00EAA02A /* Frameworks */,
				6094D5A11B1F85FA00EAA02A /* Resources */,
			);
			buildRules = (
			);
			dependencies = (
				6094D5A51B1F85FA00EAA02A /* PBXTargetDependency */,
			);
			name = HalfwayTests;
			productName = HalfwayTests;
			productReference = 6094D5A31B1F85FA00EAA02A /* HalfwayTests.xctest */;
			productType = "com.apple.product-type.bundle.unit-test";
		};
/* End PBXNativeTarget section */

/* Begin PBXProject section */
		6094D5861B1F85FA00EAA02A /* Project object */ = {
			isa = PBXProject;
			attributes = {
				LastUpgradeCheck = 0640;
				ORGANIZATIONNAME = mitas.ray;
				TargetAttributes = {
					6094D58D1B1F85FA00EAA02A = {
						CreatedOnToolsVersion = 6.3.2;
					};
					6094D5A21B1F85FA00EAA02A = {
						CreatedOnToolsVersion = 6.3.2;
						TestTargetID = 6094D58D1B1F85FA00EAA02A;
					};
				};
			};
			buildConfigurationList = 6094D5891B1F85FA00EAA02A /* Build configuration list for PBXProject "Halfway" */;
			compatibilityVersion = "Xcode 3.2";
			developmentRegion = English;
			hasScannedForEncodings = 0;
			knownRegions = (
				en,
				Base,
			);
			mainGroup = 6094D5851B1F85FA00EAA02A;
			productRefGroup = 6094D58F1B1F85FA00EAA02A /* Products */;
			projectDirPath = "";
			projectRoot = "";
			targets = (
				6094D58D1B1F85FA00EAA02A /* Halfway */,
				6094D5A21B1F85FA00EAA02A /* HalfwayTests */,
			);
		};
/* End PBXProject section */

/* Begin PBXResourcesBuildPhase section */
		6094D58C1B1F85FA00EAA02A /* Resources */ = {
			isa = PBXResourcesBuildPhase;
			buildActionMask = 2147483647;
			files = (
				0A6D7C691B3A764900AA09C4 /* Podfile in Resources */,
				6094D5991B1F85FA00EAA02A /* Main.storyboard in Resources */,
				0ABBC3F21B3A88540097E1A9 /* Info.plist in Resources */,
				6094D59E1B1F85FA00EAA02A /* LaunchScreen.xib in Resources */,
				0A6D7C651B3A75E500AA09C4 /* Podfile.lock in Resources */,
				6094D59B1B1F85FA00EAA02A /* Images.xcassets in Resources */,
			);
			runOnlyForDeploymentPostprocessing = 0;
		};
		6094D5A11B1F85FA00EAA02A /* Resources */ = {
			isa = PBXResourcesBuildPhase;
			buildActionMask = 2147483647;
			files = (
			);
			runOnlyForDeploymentPostprocessing = 0;
		};
/* End PBXResourcesBuildPhase section */

/* Begin PBXShellScriptBuildPhase section */
		53C837AA253FD8F12E00159F /* Check Pods Manifest.lock */ = {
			isa = PBXShellScriptBuildPhase;
			buildActionMask = 2147483647;
			files = (
			);
			inputPaths = (
			);
			name = "Check Pods Manifest.lock";
			outputPaths = (
			);
			runOnlyForDeploymentPostprocessing = 0;
			shellPath = /bin/sh;
			shellScript = "diff \"${PODS_ROOT}/../Podfile.lock\" \"${PODS_ROOT}/Manifest.lock\" > /dev/null\nif [[ $? != 0 ]] ; then\n    cat << EOM\nerror: The sandbox is not in sync with the Podfile.lock. Run 'pod install' or update your CocoaPods installation.\nEOM\n    exit 1\nfi\n";
			showEnvVarsInLog = 0;
		};
		5DC67930D894EC97F46431E1 /* Embed Pods Frameworks */ = {
			isa = PBXShellScriptBuildPhase;
			buildActionMask = 2147483647;
			files = (
			);
			inputPaths = (
			);
			name = "Embed Pods Frameworks";
			outputPaths = (
			);
			runOnlyForDeploymentPostprocessing = 0;
			shellPath = /bin/sh;
			shellScript = "\"${SRCROOT}/Pods/Target Support Files/Pods/Pods-frameworks.sh\"\n";
			showEnvVarsInLog = 0;
		};
		AB31DFD1B9B3AF8CD16B4A7D /* Copy Pods Resources */ = {
			isa = PBXShellScriptBuildPhase;
			buildActionMask = 2147483647;
			files = (
			);
			inputPaths = (
			);
			name = "Copy Pods Resources";
			outputPaths = (
			);
			runOnlyForDeploymentPostprocessing = 0;
			shellPath = /bin/sh;
			shellScript = "\"${SRCROOT}/Pods/Target Support Files/Pods/Pods-resources.sh\"\n";
			showEnvVarsInLog = 0;
		};
/* End PBXShellScriptBuildPhase section */

/* Begin PBXSourcesBuildPhase section */
		6094D58A1B1F85FA00EAA02A /* Sources */ = {
			isa = PBXSourcesBuildPhase;
			buildActionMask = 2147483647;
			files = (
				0A796F561B3B6DAA00580B6F /* YelpClient.swift in Sources */,
				0A862CD01B4F4BD800841345 /* FriendsController.swift in Sources */,
				0A1F19A91B8C2F1F0097691E /* EventManagerController.swift in Sources */,
				0AE5568C1B48C6BE00FF0E1E /* SignupController.swift in Sources */,
				60724E0A1B4F0D0700DA56E8 /* YelpSearchOptionsController.swift in Sources */,
				0AA5814F1B8A5E9A00909CB5 /* MenuController.swift in Sources */,
				0AA581511B8A787A00909CB5 /* UserController.swift in Sources */,
				0A3AFD6F1B3CFA7700B02E88 /* HTMLGetter.swift in Sources */,
				0A9C94D21B58ED6500CBC437 /* EventController.swift in Sources */,
				6094D5941B1F85FA00EAA02A /* AppDelegate.swift in Sources */,
				0A4150321B4DCE770043DC33 /* User.swift in Sources */,
				0AEEF14C1B29610C00724EF6 /* HalfwayBrain.swift in Sources */,
				0A1F19AD1B8C350B0097691E /* Event.swift in Sources */,
				0AE5568A1B47D88C00FF0E1E /* LoginController.swift in Sources */,
			);
			runOnlyForDeploymentPostprocessing = 0;
		};
		6094D59F1B1F85FA00EAA02A /* Sources */ = {
			isa = PBXSourcesBuildPhase;
			buildActionMask = 2147483647;
			files = (
			);
			runOnlyForDeploymentPostprocessing = 0;
		};
/* End PBXSourcesBuildPhase section */

/* Begin PBXTargetDependency section */
		6094D5A51B1F85FA00EAA02A /* PBXTargetDependency */ = {
			isa = PBXTargetDependency;
			target = 6094D58D1B1F85FA00EAA02A /* Halfway */;
			targetProxy = 6094D5A41B1F85FA00EAA02A /* PBXContainerItemProxy */;
		};
/* End PBXTargetDependency section */

/* Begin PBXVariantGroup section */
		6094D5971B1F85FA00EAA02A /* Main.storyboard */ = {
			isa = PBXVariantGroup;
			children = (
				6094D5981B1F85FA00EAA02A /* Base */,
			);
			name = Main.storyboard;
			sourceTree = "<group>";
		};
		6094D59C1B1F85FA00EAA02A /* LaunchScreen.xib */ = {
			isa = PBXVariantGroup;
			children = (
				6094D59D1B1F85FA00EAA02A /* Base */,
			);
			name = LaunchScreen.xib;
			sourceTree = "<group>";
		};
/* End PBXVariantGroup section */

/* Begin XCBuildConfiguration section */
		6094D5AB1B1F85FA00EAA02A /* Debug */ = {
			isa = XCBuildConfiguration;
			buildSettings = {
				ALWAYS_SEARCH_USER_PATHS = NO;
				CLANG_CXX_LANGUAGE_STANDARD = "gnu++0x";
				CLANG_CXX_LIBRARY = "libc++";
				CLANG_ENABLE_MODULES = YES;
				CLANG_ENABLE_OBJC_ARC = YES;
				CLANG_WARN_BOOL_CONVERSION = YES;
				CLANG_WARN_CONSTANT_CONVERSION = YES;
				CLANG_WARN_DIRECT_OBJC_ISA_USAGE = YES_ERROR;
				CLANG_WARN_EMPTY_BODY = YES;
				CLANG_WARN_ENUM_CONVERSION = YES;
				CLANG_WARN_INT_CONVERSION = YES;
				CLANG_WARN_OBJC_ROOT_CLASS = YES_ERROR;
				CLANG_WARN_UNREACHABLE_CODE = YES;
				CLANG_WARN__DUPLICATE_METHOD_MATCH = YES;
				"CODE_SIGN_IDENTITY[sdk=iphoneos*]" = "iPhone Developer";
				COPY_PHASE_STRIP = NO;
				DEBUG_INFORMATION_FORMAT = "dwarf-with-dsym";
				ENABLE_STRICT_OBJC_MSGSEND = YES;
				GCC_C_LANGUAGE_STANDARD = gnu99;
				GCC_DYNAMIC_NO_PIC = NO;
				GCC_NO_COMMON_BLOCKS = YES;
				GCC_OPTIMIZATION_LEVEL = 0;
				GCC_PREPROCESSOR_DEFINITIONS = (
					"DEBUG=1",
					"$(inherited)",
				);
				GCC_SYMBOLS_PRIVATE_EXTERN = NO;
				GCC_WARN_64_TO_32_BIT_CONVERSION = YES;
				GCC_WARN_ABOUT_RETURN_TYPE = YES_ERROR;
				GCC_WARN_UNDECLARED_SELECTOR = YES;
				GCC_WARN_UNINITIALIZED_AUTOS = YES_AGGRESSIVE;
				GCC_WARN_UNUSED_FUNCTION = YES;
				GCC_WARN_UNUSED_VARIABLE = YES;
				IPHONEOS_DEPLOYMENT_TARGET = 8.3;
				MTL_ENABLE_DEBUG_INFO = YES;
				ONLY_ACTIVE_ARCH = YES;
				SDKROOT = iphoneos;
				SWIFT_OPTIMIZATION_LEVEL = "-Onone";
				TARGETED_DEVICE_FAMILY = "1,2";
			};
			name = Debug;
		};
		6094D5AC1B1F85FA00EAA02A /* Release */ = {
			isa = XCBuildConfiguration;
			buildSettings = {
				ALWAYS_SEARCH_USER_PATHS = NO;
				CLANG_CXX_LANGUAGE_STANDARD = "gnu++0x";
				CLANG_CXX_LIBRARY = "libc++";
				CLANG_ENABLE_MODULES = YES;
				CLANG_ENABLE_OBJC_ARC = YES;
				CLANG_WARN_BOOL_CONVERSION = YES;
				CLANG_WARN_CONSTANT_CONVERSION = YES;
				CLANG_WARN_DIRECT_OBJC_ISA_USAGE = YES_ERROR;
				CLANG_WARN_EMPTY_BODY = YES;
				CLANG_WARN_ENUM_CONVERSION = YES;
				CLANG_WARN_INT_CONVERSION = YES;
				CLANG_WARN_OBJC_ROOT_CLASS = YES_ERROR;
				CLANG_WARN_UNREACHABLE_CODE = YES;
				CLANG_WARN__DUPLICATE_METHOD_MATCH = YES;
				"CODE_SIGN_IDENTITY[sdk=iphoneos*]" = "iPhone Developer";
				COPY_PHASE_STRIP = NO;
				DEBUG_INFORMATION_FORMAT = "dwarf-with-dsym";
				ENABLE_NS_ASSERTIONS = NO;
				ENABLE_STRICT_OBJC_MSGSEND = YES;
				GCC_C_LANGUAGE_STANDARD = gnu99;
				GCC_NO_COMMON_BLOCKS = YES;
				GCC_WARN_64_TO_32_BIT_CONVERSION = YES;
				GCC_WARN_ABOUT_RETURN_TYPE = YES_ERROR;
				GCC_WARN_UNDECLARED_SELECTOR = YES;
				GCC_WARN_UNINITIALIZED_AUTOS = YES_AGGRESSIVE;
				GCC_WARN_UNUSED_FUNCTION = YES;
				GCC_WARN_UNUSED_VARIABLE = YES;
				IPHONEOS_DEPLOYMENT_TARGET = 8.3;
				MTL_ENABLE_DEBUG_INFO = NO;
				SDKROOT = iphoneos;
				TARGETED_DEVICE_FAMILY = "1,2";
				VALIDATE_PRODUCT = YES;
			};
			name = Release;
		};
		6094D5AE1B1F85FA00EAA02A /* Debug */ = {
			isa = XCBuildConfiguration;
			baseConfigurationReference = AD3983CC2381108826A63567 /* Pods.debug.xcconfig */;
			buildSettings = {
				ASSETCATALOG_COMPILER_APPICON_NAME = AppIcon;
				CLANG_ENABLE_MODULES = YES;
				INFOPLIST_FILE = Halfway/Info.plist;
				LD_RUNPATH_SEARCH_PATHS = "$(inherited) @executable_path/Frameworks";
				PRODUCT_NAME = "$(TARGET_NAME)";
				SWIFT_OBJC_BRIDGING_HEADER = "Halfway-Bridging-Header.h";
				SWIFT_OPTIMIZATION_LEVEL = "-Onone";
			};
			name = Debug;
		};
		6094D5AF1B1F85FA00EAA02A /* Release */ = {
			isa = XCBuildConfiguration;
			baseConfigurationReference = E04D100F84848791FD454FC2 /* Pods.release.xcconfig */;
			buildSettings = {
				ASSETCATALOG_COMPILER_APPICON_NAME = AppIcon;
				CLANG_ENABLE_MODULES = YES;
				INFOPLIST_FILE = Halfway/Info.plist;
				LD_RUNPATH_SEARCH_PATHS = "$(inherited) @executable_path/Frameworks";
				PRODUCT_NAME = "$(TARGET_NAME)";
				SWIFT_OBJC_BRIDGING_HEADER = "Halfway-Bridging-Header.h";
			};
			name = Release;
		};
		6094D5B11B1F85FA00EAA02A /* Debug */ = {
			isa = XCBuildConfiguration;
			buildSettings = {
				BUNDLE_LOADER = "$(TEST_HOST)";
				CLANG_ENABLE_MODULES = YES;
				FRAMEWORK_SEARCH_PATHS = (
					"$(SDKROOT)/Developer/Library/Frameworks",
					"$(inherited)",
				);
				GCC_PREPROCESSOR_DEFINITIONS = (
					"DEBUG=1",
					"$(inherited)",
				);
				INFOPLIST_FILE = HalfwayTests/Info.plist;
				LD_RUNPATH_SEARCH_PATHS = "$(inherited) @executable_path/Frameworks @loader_path/Frameworks";
				PRODUCT_NAME = "$(TARGET_NAME)";
				SWIFT_OBJC_BRIDGING_HEADER = "Halfway-Bridging-Header.h";
				"SWIFT_OBJC_BRIDGING_HEADER[arch=*]" = "";
				SWIFT_OPTIMIZATION_LEVEL = "-Onone";
				TEST_HOST = "$(BUILT_PRODUCTS_DIR)/Halfway.app/Halfway";
			};
			name = Debug;
		};
		6094D5B21B1F85FA00EAA02A /* Release */ = {
			isa = XCBuildConfiguration;
			buildSettings = {
				BUNDLE_LOADER = "$(TEST_HOST)";
				CLANG_ENABLE_MODULES = YES;
				FRAMEWORK_SEARCH_PATHS = (
					"$(SDKROOT)/Developer/Library/Frameworks",
					"$(inherited)",
				);
				INFOPLIST_FILE = HalfwayTests/Info.plist;
				LD_RUNPATH_SEARCH_PATHS = "$(inherited) @executable_path/Frameworks @loader_path/Frameworks";
				PRODUCT_NAME = "$(TARGET_NAME)";
				SWIFT_OBJC_BRIDGING_HEADER = "Halfway-Bridging-Header.h";
				TEST_HOST = "$(BUILT_PRODUCTS_DIR)/Halfway.app/Halfway";
			};
			name = Release;
		};
/* End XCBuildConfiguration section */

/* Begin XCConfigurationList section */
		6094D5891B1F85FA00EAA02A /* Build configuration list for PBXProject "Halfway" */ = {
			isa = XCConfigurationList;
			buildConfigurations = (
				6094D5AB1B1F85FA00EAA02A /* Debug */,
				6094D5AC1B1F85FA00EAA02A /* Release */,
			);
			defaultConfigurationIsVisible = 0;
			defaultConfigurationName = Release;
		};
		6094D5AD1B1F85FA00EAA02A /* Build configuration list for PBXNativeTarget "Halfway" */ = {
			isa = XCConfigurationList;
			buildConfigurations = (
				6094D5AE1B1F85FA00EAA02A /* Debug */,
				6094D5AF1B1F85FA00EAA02A /* Release */,
			);
			defaultConfigurationIsVisible = 0;
			defaultConfigurationName = Release;
		};
		6094D5B01B1F85FA00EAA02A /* Build configuration list for PBXNativeTarget "HalfwayTests" */ = {
			isa = XCConfigurationList;
			buildConfigurations = (
				6094D5B11B1F85FA00EAA02A /* Debug */,
				6094D5B21B1F85FA00EAA02A /* Release */,
			);
			defaultConfigurationIsVisible = 0;
			defaultConfigurationName = Release;
		};
/* End XCConfigurationList section */
	};
	rootObject = 6094D5861B1F85FA00EAA02A /* Project object */;
}
