// !$*UTF8*$!
{
	archiveVersion = 1;
	classes = {
	};
	objectVersion = 46;
	objects = {

/* Begin PBXBuildFile section */
		0AEC20AF1B2423CB00E37E21 /* Geocoder.swift in Sources */ = {isa = PBXBuildFile; fileRef = 0AEC20AE1B2423CB00E37E21 /* Geocoder.swift */; };
		0AEEF14A1B295EBB00724EF6 /* GeocoderTests.swift in Sources */ = {isa = PBXBuildFile; fileRef = 0AEEF1491B295EBB00724EF6 /* GeocoderTests.swift */; };
		0AEEF14C1B29610C00724EF6 /* HalfwayBrain.swift in Sources */ = {isa = PBXBuildFile; fileRef = 0AEEF14B1B29610C00724EF6 /* HalfwayBrain.swift */; };
		0AEEF14E1B2961BB00724EF6 /* HalfwayBrainTests.swift in Sources */ = {isa = PBXBuildFile; fileRef = 0AEEF14D1B2961BB00724EF6 /* HalfwayBrainTests.swift */; };
		607E046F1B376D35006F3CD7 /* YelpHTML.swift in Sources */ = {isa = PBXBuildFile; fileRef = 607E046E1B376D35006F3CD7 /* YelpHTML.swift */; };
		607E04711B3771E6006F3CD7 /* HTMLGetter.swift in Sources */ = {isa = PBXBuildFile; fileRef = 607E04701B3771E6006F3CD7 /* HTMLGetter.swift */; };
		6094D5941B1F85FA00EAA02A /* AppDelegate.swift in Sources */ = {isa = PBXBuildFile; fileRef = 6094D5931B1F85FA00EAA02A /* AppDelegate.swift */; };
		6094D5961B1F85FA00EAA02A /* ViewController.swift in Sources */ = {isa = PBXBuildFile; fileRef = 6094D5951B1F85FA00EAA02A /* ViewController.swift */; };
		6094D5991B1F85FA00EAA02A /* Main.storyboard in Resources */ = {isa = PBXBuildFile; fileRef = 6094D5971B1F85FA00EAA02A /* Main.storyboard */; };
		6094D59B1B1F85FA00EAA02A /* Images.xcassets in Resources */ = {isa = PBXBuildFile; fileRef = 6094D59A1B1F85FA00EAA02A /* Images.xcassets */; };
		6094D59E1B1F85FA00EAA02A /* LaunchScreen.xib in Resources */ = {isa = PBXBuildFile; fileRef = 6094D59C1B1F85FA00EAA02A /* LaunchScreen.xib */; };
/* End PBXBuildFile section */

/* Begin PBXContainerItemProxy section */
		6094D5A41B1F85FA00EAA02A /* PBXContainerItemProxy */ = {
			isa = PBXContainerItemProxy;
			containerPortal = 6094D5861B1F85FA00EAA02A /* Project object */;
			proxyType = 1;
			remoteGlobalIDString = 6094D58D1B1F85FA00EAA02A;
			remoteInfo = Halfway;
		};
/* End PBXContainerItemProxy section */

/* Begin PBXFileReference section */
		0AEC20AE1B2423CB00E37E21 /* Geocoder.swift */ = {isa = PBXFileReference; fileEncoding = 4; lastKnownFileType = sourcecode.swift; path = Geocoder.swift; sourceTree = "<group>"; };
		0AEEF1491B295EBB00724EF6 /* GeocoderTests.swift */ = {isa = PBXFileReference; fileEncoding = 4; lastKnownFileType = sourcecode.swift; path = GeocoderTests.swift; sourceTree = "<group>"; };
		0AEEF14B1B29610C00724EF6 /* HalfwayBrain.swift */ = {isa = PBXFileReference; fileEncoding = 4; lastKnownFileType = sourcecode.swift; path = HalfwayBrain.swift; sourceTree = "<group>"; };
		0AEEF14D1B2961BB00724EF6 /* HalfwayBrainTests.swift */ = {isa = PBXFileReference; fileEncoding = 4; lastKnownFileType = sourcecode.swift; path = HalfwayBrainTests.swift; sourceTree = "<group>"; };
		607E046E1B376D35006F3CD7 /* YelpHTML.swift */ = {isa = PBXFileReference; fileEncoding = 4; lastKnownFileType = sourcecode.swift; path = YelpHTML.swift; sourceTree = "<group>"; };
		607E04701B3771E6006F3CD7 /* HTMLGetter.swift */ = {isa = PBXFileReference; fileEncoding = 4; lastKnownFileType = sourcecode.swift; path = HTMLGetter.swift; sourceTree = "<group>"; };
		6094D58E1B1F85FA00EAA02A /* Halfway.app */ = {isa = PBXFileReference; explicitFileType = wrapper.application; includeInIndex = 0; path = Halfway.app; sourceTree = BUILT_PRODUCTS_DIR; };
		6094D5921B1F85FA00EAA02A /* Info.plist */ = {isa = PBXFileReference; lastKnownFileType = text.plist.xml; path = Info.plist; sourceTree = "<group>"; };
		6094D5931B1F85FA00EAA02A /* AppDelegate.swift */ = {isa = PBXFileReference; lastKnownFileType = sourcecode.swift; path = AppDelegate.swift; sourceTree = "<group>"; };
		6094D5951B1F85FA00EAA02A /* ViewController.swift */ = {isa = PBXFileReference; lastKnownFileType = sourcecode.swift; path = ViewController.swift; sourceTree = "<group>"; };
		6094D5981B1F85FA00EAA02A /* Base */ = {isa = PBXFileReference; lastKnownFileType = file.storyboard; name = Base; path = Base.lproj/Main.storyboard; sourceTree = "<group>"; };
		6094D59A1B1F85FA00EAA02A /* Images.xcassets */ = {isa = PBXFileReference; lastKnownFileType = folder.assetcatalog; path = Images.xcassets; sourceTree = "<group>"; };
		6094D59D1B1F85FA00EAA02A /* Base */ = {isa = PBXFileReference; lastKnownFileType = file.xib; name = Base; path = Base.lproj/LaunchScreen.xib; sourceTree = "<group>"; };
		6094D5A31B1F85FA00EAA02A /* HalfwayTests.xctest */ = {isa = PBXFileReference; explicitFileType = wrapper.cfbundle; includeInIndex = 0; path = HalfwayTests.xctest; sourceTree = BUILT_PRODUCTS_DIR; };
		6094D5A81B1F85FA00EAA02A /* Info.plist */ = {isa = PBXFileReference; lastKnownFileType = text.plist.xml; path = Info.plist; sourceTree = "<group>"; };
/* End PBXFileReference section */

/* Begin PBXFrameworksBuildPhase section */
		6094D58B1B1F85FA00EAA02A /* Frameworks */ = {
			isa = PBXFrameworksBuildPhase;
			buildActionMask = 2147483647;
			files = (
			);
			runOnlyForDeploymentPostprocessing = 0;
		};
		6094D5A01B1F85FA00EAA02A /* Frameworks */ = {
			isa = PBXFrameworksBuildPhase;
			buildActionMask = 2147483647;
			files = (
			);
			runOnlyForDeploymentPostprocessing = 0;
		};
/* End PBXFrameworksBuildPhase section */

/* Begin PBXGroup section */
		0AEC20AB1B23C30000E37E21 /* Models */ = {
			isa = PBXGroup;
			children = (
				0AEC20AE1B2423CB00E37E21 /* Geocoder.swift */,
				0AEEF14B1B29610C00724EF6 /* HalfwayBrain.swift */,
				607E046E1B376D35006F3CD7 /* YelpHTML.swift */,
				607E04701B3771E6006F3CD7 /* HTMLGetter.swift */,
			);
			name = Models;
			sourceTree = "<group>";
		};
		6094D5851B1F85FA00EAA02A = {
			isa = PBXGroup;
			children = (
				6094D5901B1F85FA00EAA02A /* Halfway */,
				6094D5A61B1F85FA00EAA02A /* HalfwayTests */,
				6094D58F1B1F85FA00EAA02A /* Products */,
			);
			sourceTree = "<group>";
		};
		6094D58F1B1F85FA00EAA02A /* Products */ = {
			isa = PBXGroup;
			children = (
				6094D58E1B1F85FA00EAA02A /* Halfway.app */,
				6094D5A31B1F85FA00EAA02A /* HalfwayTests.xctest */,
			);
			name = Products;
			sourceTree = "<group>";
		};
		6094D5901B1F85FA00EAA02A /* Halfway */ = {
			isa = PBXGroup;
			children = (
				0AEC20AB1B23C30000E37E21 /* Models */,
				6094D5931B1F85FA00EAA02A /* AppDelegate.swift */,
				6094D5951B1F85FA00EAA02A /* ViewController.swift */,
				6094D5971B1F85FA00EAA02A /* Main.storyboard */,
				6094D59A1B1F85FA00EAA02A /* Images.xcassets */,
				6094D59C1B1F85FA00EAA02A /* LaunchScreen.xib */,
				6094D5911B1F85FA00EAA02A /* Supporting Files */,
			);
			path = Halfway;
			sourceTree = "<group>";
		};
		6094D5911B1F85FA00EAA02A /* Supporting Files */ = {
			isa = PBXGroup;
			children = (
				6094D5921B1F85FA00EAA02A /* Info.plist */,
			);
			name = "Supporting Files";
			sourceTree = "<group>";
		};
		6094D5A61B1F85FA00EAA02A /* HalfwayTests */ = {
			isa = PBXGroup;
			children = (
				6094D5A71B1F85FA00EAA02A /* Supporting Files */,
				0AEEF1491B295EBB00724EF6 /* GeocoderTests.swift */,
				0AEEF14D1B2961BB00724EF6 /* HalfwayBrainTests.swift */,
			);
			path = HalfwayTests;
			sourceTree = "<group>";
		};
		6094D5A71B1F85FA00EAA02A /* Supporting Files */ = {
			isa = PBXGroup;
			children = (
				6094D5A81B1F85FA00EAA02A /* Info.plist */,
			);
			name = "Supporting Files";
			sourceTree = "<group>";
		};
/* End PBXGroup section */

/* Begin PBXNativeTarget section */
		6094D58D1B1F85FA00EAA02A /* Halfway */ = {
			isa = PBXNativeTarget;
			buildConfigurationList = 6094D5AD1B1F85FA00EAA02A /* Build configuration list for PBXNativeTarget "Halfway" */;
			buildPhases = (
				6094D58A1B1F85FA00EAA02A /* Sources */,
				6094D58B1B1F85FA00EAA02A /* Frameworks */,
				6094D58C1B1F85FA00EAA02A /* Resources */,
			);
			buildRules = (
			);
			dependencies = (
			);
			name = Halfway;
			productName = Halfway;
			productReference = 6094D58E1B1F85FA00EAA02A /* Halfway.app */;
			productType = "com.apple.product-type.application";
		};
		6094D5A21B1F85FA00EAA02A /* HalfwayTests */ = {
			isa = PBXNativeTarget;
			buildConfigurationList = 6094D5B01B1F85FA00EAA02A /* Build configuration list for PBXNativeTarget "HalfwayTests" */;
			buildPhases = (
				6094D59F1B1F85FA00EAA02A /* Sources */,
				6094D5A01B1F85FA00EAA02A /* Frameworks */,
				6094D5A11B1F85FA00EAA02A /* Resources */,
			);
			buildRules = (
			);
			dependencies = (
				6094D5A51B1F85FA00EAA02A /* PBXTargetDependency */,
			);
			name = HalfwayTests;
			productName = HalfwayTests;
			productReference = 6094D5A31B1F85FA00EAA02A /* HalfwayTests.xctest */;
			productType = "com.apple.product-type.bundle.unit-test";
		};
/* End PBXNativeTarget section */

/* Begin PBXProject section */
		6094D5861B1F85FA00EAA02A /* Project object */ = {
			isa = PBXProject;
			attributes = {
				LastUpgradeCheck = 0630;
				ORGANIZATIONNAME = mitas.ray;
				TargetAttributes = {
					6094D58D1B1F85FA00EAA02A = {
						CreatedOnToolsVersion = 6.3.2;
					};
					6094D5A21B1F85FA00EAA02A = {
						CreatedOnToolsVersion = 6.3.2;
						TestTargetID = 6094D58D1B1F85FA00EAA02A;
					};
				};
			};
			buildConfigurationList = 6094D5891B1F85FA00EAA02A /* Build configuration list for PBXProject "Halfway" */;
			compatibilityVersion = "Xcode 3.2";
			developmentRegion = English;
			hasScannedForEncodings = 0;
			knownRegions = (
				en,
				Base,
			);
			mainGroup = 6094D5851B1F85FA00EAA02A;
			productRefGroup = 6094D58F1B1F85FA00EAA02A /* Products */;
			projectDirPath = "";
			projectRoot = "";
			targets = (
				6094D58D1B1F85FA00EAA02A /* Halfway */,
				6094D5A21B1F85FA00EAA02A /* HalfwayTests */,
			);
		};
/* End PBXProject section */

/* Begin PBXResourcesBuildPhase section */
		6094D58C1B1F85FA00EAA02A /* Resources */ = {
			isa = PBXResourcesBuildPhase;
			buildActionMask = 2147483647;
			files = (
				6094D5991B1F85FA00EAA02A /* Main.storyboard in Resources */,
				6094D59E1B1F85FA00EAA02A /* LaunchScreen.xib in Resources */,
				6094D59B1B1F85FA00EAA02A /* Images.xcassets in Resources */,
			);
			runOnlyForDeploymentPostprocessing = 0;
		};
		6094D5A11B1F85FA00EAA02A /* Resources */ = {
			isa = PBXResourcesBuildPhase;
			buildActionMask = 2147483647;
			files = (
			);
			runOnlyForDeploymentPostprocessing = 0;
		};
/* End PBXResourcesBuildPhase section */

/* Begin PBXSourcesBuildPhase section */
		6094D58A1B1F85FA00EAA02A /* Sources */ = {
			isa = PBXSourcesBuildPhase;
			buildActionMask = 2147483647;
			files = (
				6094D5961B1F85FA00EAA02A /* ViewController.swift in Sources */,
				0AEC20AF1B2423CB00E37E21 /* Geocoder.swift in Sources */,
				6094D5941B1F85FA00EAA02A /* AppDelegate.swift in Sources */,
				607E04711B3771E6006F3CD7 /* HTMLGetter.swift in Sources */,
				607E046F1B376D35006F3CD7 /* YelpHTML.swift in Sources */,
				0AEEF14C1B29610C00724EF6 /* HalfwayBrain.swift in Sources */,
			);
			runOnlyForDeploymentPostprocessing = 0;
		};
		6094D59F1B1F85FA00EAA02A /* Sources */ = {
			isa = PBXSourcesBuildPhase;
			buildActionMask = 2147483647;
			files = (
				0AEEF14E1B2961BB00724EF6 /* HalfwayBrainTests.swift in Sources */,
				0AEEF14A1B295EBB00724EF6 /* GeocoderTests.swift in Sources */,
			);
			runOnlyForDeploymentPostprocessing = 0;
		};
/* End PBXSourcesBuildPhase section */

/* Begin PBXTargetDependency section */
		6094D5A51B1F85FA00EAA02A /* PBXTargetDependency */ = {
			isa = PBXTargetDependency;
			target = 6094D58D1B1F85FA00EAA02A /* Halfway */;
			targetProxy = 6094D5A41B1F85FA00EAA02A /* PBXContainerItemProxy */;
		};
/* End PBXTargetDependency section */

/* Begin PBXVariantGroup section */
		6094D5971B1F85FA00EAA02A /* Main.storyboard */ = {
			isa = PBXVariantGroup;
			children = (
				6094D5981B1F85FA00EAA02A /* Base */,
			);
			name = Main.storyboard;
			sourceTree = "<group>";
		};
		6094D59C1B1F85FA00EAA02A /* LaunchScreen.xib */ = {
			isa = PBXVariantGroup;
			children = (
				6094D59D1B1F85FA00EAA02A /* Base */,
			);
			name = LaunchScreen.xib;
			sourceTree = "<group>";
		};
/* End PBXVariantGroup section */

/* Begin XCBuildConfiguration section */
		6094D5AB1B1F85FA00EAA02A /* Debug */ = {
			isa = XCBuildConfiguration;
			buildSettings = {
				ALWAYS_SEARCH_USER_PATHS = NO;
				CLANG_CXX_LANGUAGE_STANDARD = "gnu++0x";
				CLANG_CXX_LIBRARY = "libc++";
				CLANG_ENABLE_MODULES = YES;
				CLANG_ENABLE_OBJC_ARC = YES;
				CLANG_WARN_BOOL_CONVERSION = YES;
				CLANG_WARN_CONSTANT_CONVERSION = YES;
				CLANG_WARN_DIRECT_OBJC_ISA_USAGE = YES_ERROR;
				CLANG_WARN_EMPTY_BODY = YES;
				CLANG_WARN_ENUM_CONVERSION = YES;
				CLANG_WARN_INT_CONVERSION = YES;
				CLANG_WARN_OBJC_ROOT_CLASS = YES_ERROR;
				CLANG_WARN_UNREACHABLE_CODE = YES;
				CLANG_WARN__DUPLICATE_METHOD_MATCH = YES;
				"CODE_SIGN_IDENTITY[sdk=iphoneos*]" = "iPhone Developer";
				COPY_PHASE_STRIP = NO;
				DEBUG_INFORMATION_FORMAT = "dwarf-with-dsym";
				ENABLE_STRICT_OBJC_MSGSEND = YES;
				GCC_C_LANGUAGE_STANDARD = gnu99;
				GCC_DYNAMIC_NO_PIC = NO;
				GCC_NO_COMMON_BLOCKS = YES;
				GCC_OPTIMIZATION_LEVEL = 0;
				GCC_PREPROCESSOR_DEFINITIONS = (
					"DEBUG=1",
					"$(inherited)",
				);
				GCC_SYMBOLS_PRIVATE_EXTERN = NO;
				GCC_WARN_64_TO_32_BIT_CONVERSION = YES;
				GCC_WARN_ABOUT_RETURN_TYPE = YES_ERROR;
				GCC_WARN_UNDECLARED_SELECTOR = YES;
				GCC_WARN_UNINITIALIZED_AUTOS = YES_AGGRESSIVE;
				GCC_WARN_UNUSED_FUNCTION = YES;
				GCC_WARN_UNUSED_VARIABLE = YES;
				IPHONEOS_DEPLOYMENT_TARGET = 8.3;
				MTL_ENABLE_DEBUG_INFO = YES;
				ONLY_ACTIVE_ARCH = YES;
				SDKROOT = iphoneos;
				SWIFT_OPTIMIZATION_LEVEL = "-Onone";
				TARGETED_DEVICE_FAMILY = "1,2";
			};
			name = Debug;
		};
		6094D5AC1B1F85FA00EAA02A /* Release */ = {
			isa = XCBuildConfiguration;
			buildSettings = {
				ALWAYS_SEARCH_USER_PATHS = NO;
				CLANG_CXX_LANGUAGE_STANDARD = "gnu++0x";
				CLANG_CXX_LIBRARY = "libc++";
				CLANG_ENABLE_MODULES = YES;
				CLANG_ENABLE_OBJC_ARC = YES;
				CLANG_WARN_BOOL_CONVERSION = YES;
				CLANG_WARN_CONSTANT_CONVERSION = YES;
				CLANG_WARN_DIRECT_OBJC_ISA_USAGE = YES_ERROR;
				CLANG_WARN_EMPTY_BODY = YES;
				CLANG_WARN_ENUM_CONVERSION = YES;
				CLANG_WARN_INT_CONVERSION = YES;
				CLANG_WARN_OBJC_ROOT_CLASS = YES_ERROR;
				CLANG_WARN_UNREACHABLE_CODE = YES;
				CLANG_WARN__DUPLICATE_METHOD_MATCH = YES;
				"CODE_SIGN_IDENTITY[sdk=iphoneos*]" = "iPhone Developer";
				COPY_PHASE_STRIP = NO;
				DEBUG_INFORMATION_FORMAT = "dwarf-with-dsym";
				ENABLE_NS_ASSERTIONS = NO;
				ENABLE_STRICT_OBJC_MSGSEND = YES;
				GCC_C_LANGUAGE_STANDARD = gnu99;
				GCC_NO_COMMON_BLOCKS = YES;
				GCC_WARN_64_TO_32_BIT_CONVERSION = YES;
				GCC_WARN_ABOUT_RETURN_TYPE = YES_ERROR;
				GCC_WARN_UNDECLARED_SELECTOR = YES;
				GCC_WARN_UNINITIALIZED_AUTOS = YES_AGGRESSIVE;
				GCC_WARN_UNUSED_FUNCTION = YES;
				GCC_WARN_UNUSED_VARIABLE = YES;
				IPHONEOS_DEPLOYMENT_TARGET = 8.3;
				MTL_ENABLE_DEBUG_INFO = NO;
				SDKROOT = iphoneos;
				TARGETED_DEVICE_FAMILY = "1,2";
				VALIDATE_PRODUCT = YES;
			};
			name = Release;
		};
		6094D5AE1B1F85FA00EAA02A /* Debug */ = {
			isa = XCBuildConfiguration;
			buildSettings = {
				ASSETCATALOG_COMPILER_APPICON_NAME = AppIcon;
				INFOPLIST_FILE = Halfway/Info.plist;
				LD_RUNPATH_SEARCH_PATHS = "$(inherited) @executable_path/Frameworks";
				PRODUCT_NAME = "$(TARGET_NAME)";
			};
			name = Debug;
		};
		6094D5AF1B1F85FA00EAA02A /* Release */ = {
			isa = XCBuildConfiguration;
			buildSettings = {
				ASSETCATALOG_COMPILER_APPICON_NAME = AppIcon;
				INFOPLIST_FILE = Halfway/Info.plist;
				LD_RUNPATH_SEARCH_PATHS = "$(inherited) @executable_path/Frameworks";
				PRODUCT_NAME = "$(TARGET_NAME)";
			};
			name = Release;
		};
		6094D5B11B1F85FA00EAA02A /* Debug */ = {
			isa = XCBuildConfiguration;
			buildSettings = {
				BUNDLE_LOADER = "$(TEST_HOST)";
				CLANG_ENABLE_MODULES = YES;
				FRAMEWORK_SEARCH_PATHS = (
					"$(SDKROOT)/Developer/Library/Frameworks",
					"$(inherited)",
				);
				GCC_PREPROCESSOR_DEFINITIONS = (
					"DEBUG=1",
					"$(inherited)",
				);
				INFOPLIST_FILE = HalfwayTests/Info.plist;
				LD_RUNPATH_SEARCH_PATHS = "$(inherited) @executable_path/Frameworks @loader_path/Frameworks";
				PRODUCT_NAME = "$(TARGET_NAME)";
				SWIFT_OPTIMIZATION_LEVEL = "-Onone";
				TEST_HOST = "$(BUILT_PRODUCTS_DIR)/Halfway.app/Halfway";
			};
			name = Debug;
		};
		6094D5B21B1F85FA00EAA02A /* Release */ = {
			isa = XCBuildConfiguration;
			buildSettings = {
				BUNDLE_LOADER = "$(TEST_HOST)";
				CLANG_ENABLE_MODULES = YES;
				FRAMEWORK_SEARCH_PATHS = (
					"$(SDKROOT)/Developer/Library/Frameworks",
					"$(inherited)",
				);
				INFOPLIST_FILE = HalfwayTests/Info.plist;
				LD_RUNPATH_SEARCH_PATHS = "$(inherited) @executable_path/Frameworks @loader_path/Frameworks";
				PRODUCT_NAME = "$(TARGET_NAME)";
				TEST_HOST = "$(BUILT_PRODUCTS_DIR)/Halfway.app/Halfway";
			};
			name = Release;
		};
/* End XCBuildConfiguration section */

/* Begin XCConfigurationList section */
		6094D5891B1F85FA00EAA02A /* Build configuration list for PBXProject "Halfway" */ = {
			isa = XCConfigurationList;
			buildConfigurations = (
				6094D5AB1B1F85FA00EAA02A /* Debug */,
				6094D5AC1B1F85FA00EAA02A /* Release */,
			);
			defaultConfigurationIsVisible = 0;
			defaultConfigurationName = Release;
		};
		6094D5AD1B1F85FA00EAA02A /* Build configuration list for PBXNativeTarget "Halfway" */ = {
			isa = XCConfigurationList;
			buildConfigurations = (
				6094D5AE1B1F85FA00EAA02A /* Debug */,
				6094D5AF1B1F85FA00EAA02A /* Release */,
			);
			defaultConfigurationIsVisible = 0;
			defaultConfigurationName = Release;
		};
		6094D5B01B1F85FA00EAA02A /* Build configuration list for PBXNativeTarget "HalfwayTests" */ = {
			isa = XCConfigurationList;
			buildConfigurations = (
				6094D5B11B1F85FA00EAA02A /* Debug */,
				6094D5B21B1F85FA00EAA02A /* Release */,
			);
			defaultConfigurationIsVisible = 0;
			defaultConfigurationName = Release;
		};
/* End XCConfigurationList section */
	};
	rootObject = 6094D5861B1F85FA00EAA02A /* Project object */;
}
